
Microsoft Visual Studio Solution File, Format Version 12.00
# Visual Studio Version 17
VisualStudioVersion = 17.10.35004.147
MinimumVisualStudioVersion = 10.0.40219.1
Project("{FAE04EC0-301F-11D3-BF4B-00C04F79EFBC}") = "Prizm Start Utility", "Prizm Start Utility\Prizm Start Utility.csproj", "{3819F4EE-9ADC-4459-9BB9-C19437103571}"
EndProject
Global
	GlobalSection(SolutionConfigurationPlatforms) = preSolution
		Debug|Any CPU = Debug|Any CPU
		Release|Any CPU = Release|Any CPU
	EndGlobalSection
	GlobalSection(ProjectConfigurationPlatforms) = postSolution
		{3819F4EE-9ADC-4459-9BB9-C19437103571}.Debug|Any CPU.ActiveCfg = Debug|Any CPU
		{3819F4EE-9ADC-4459-9BB9-C19437103571}.Debug|Any CPU.Build.0 = Debug|Any CPU
		{3819F4EE-9ADC-4459-9BB9-C19437103571}.Release|Any CPU.ActiveCfg = Release|Any CPU
		{3819F4EE-9ADC-4459-9BB9-C19437103571}.Release|Any CPU.Build.0 = Release|Any CPU
	EndGlobalSection
	GlobalSection(SolutionProperties) = preSolution
		HideSolutionNode = FALSE
	EndGlobalSection
	GlobalSection(ExtensibilityGlobals) = postSolution
		SolutionGuid = {0717A013-9FE8-4942-BC20-8E90A551CDC3}
	EndGlobalSection
EndGlobal
